// !$*UTF8*$!
{
	archiveVersion = 1;
	classes = {
	};
	objectVersion = 50;
	objects = {

/* Begin PBXBuildFile section */
		A136CF9022FFF3E800B53248 /* AppDelegate.swift in Sources */ = {isa = PBXBuildFile; fileRef = A136CF8F22FFF3E800B53248 /* AppDelegate.swift */; };
		A136CF9222FFF3E800B53248 /* ViewController.swift in Sources */ = {isa = PBXBuildFile; fileRef = A136CF9122FFF3E800B53248 /* ViewController.swift */; };
		A136CF9522FFF3E800B53248 /* Main.storyboard in Resources */ = {isa = PBXBuildFile; fileRef = A136CF9322FFF3E800B53248 /* Main.storyboard */; };
		A136CF9722FFF3E900B53248 /* Assets.xcassets in Resources */ = {isa = PBXBuildFile; fileRef = A136CF9622FFF3E900B53248 /* Assets.xcassets */; };
		A136CF9A22FFF3E900B53248 /* LaunchScreen.storyboard in Resources */ = {isa = PBXBuildFile; fileRef = A136CF9822FFF3E900B53248 /* LaunchScreen.storyboard */; };
		A136CFA522FFF3E900B53248 /* GraphTests.swift in Sources */ = {isa = PBXBuildFile; fileRef = A136CFA422FFF3E900B53248 /* GraphTests.swift */; };
		A136CFB022FFF3E900B53248 /* GraphUITests.swift in Sources */ = {isa = PBXBuildFile; fileRef = A136CFAF22FFF3E900B53248 /* GraphUITests.swift */; };
		A136CFBE22FFF43600B53248 /* Edge.swift in Sources */ = {isa = PBXBuildFile; fileRef = A136CFBD22FFF43600B53248 /* Edge.swift */; };
		A136CFC022FFF45D00B53248 /* Vertex.swift in Sources */ = {isa = PBXBuildFile; fileRef = A136CFBF22FFF45D00B53248 /* Vertex.swift */; };
		A136CFC222FFF66800B53248 /* Graph.swift in Sources */ = {isa = PBXBuildFile; fileRef = A136CFC122FFF66800B53248 /* Graph.swift */; };
		A136CFC422FFF79200B53248 /* Queue.swift in Sources */ = {isa = PBXBuildFile; fileRef = A136CFC322FFF79200B53248 /* Queue.swift */; };
		A136CFC622FFF7A500B53248 /* Stack.swift in Sources */ = {isa = PBXBuildFile; fileRef = A136CFC522FFF7A500B53248 /* Stack.swift */; };
		A136CFC822FFF7D900B53248 /* AdjacencyList.swift in Sources */ = {isa = PBXBuildFile; fileRef = A136CFC722FFF7D900B53248 /* AdjacencyList.swift */; };
		A136CFCA22FFF81400B53248 /* AdjacencyMatrix.swift in Sources */ = {isa = PBXBuildFile; fileRef = A136CFC922FFF81400B53248 /* AdjacencyMatrix.swift */; };
		A136CFCC230000D400B53248 /* Dijkstra.swift in Sources */ = {isa = PBXBuildFile; fileRef = A136CFCB230000D400B53248 /* Dijkstra.swift */; };
		A136CFCE2300011A00B53248 /* PriorityQueue.swift in Sources */ = {isa = PBXBuildFile; fileRef = A136CFCD2300011A00B53248 /* PriorityQueue.swift */; };
		A136CFD02300012300B53248 /* Heap.swift in Sources */ = {isa = PBXBuildFile; fileRef = A136CFCF2300012300B53248 /* Heap.swift */; };
/* End PBXBuildFile section */

/* Begin PBXContainerItemProxy section */
		A136CFA122FFF3E900B53248 /* PBXContainerItemProxy */ = {
			isa = PBXContainerItemProxy;
			containerPortal = A136CF8422FFF3E800B53248 /* Project object */;
			proxyType = 1;
			remoteGlobalIDString = A136CF8B22FFF3E800B53248;
			remoteInfo = Graph;
		};
		A136CFAC22FFF3E900B53248 /* PBXContainerItemProxy */ = {
			isa = PBXContainerItemProxy;
			containerPortal = A136CF8422FFF3E800B53248 /* Project object */;
			proxyType = 1;
			remoteGlobalIDString = A136CF8B22FFF3E800B53248;
			remoteInfo = Graph;
		};
/* End PBXContainerItemProxy section */

/* Begin PBXFileReference section */
		A136CF8C22FFF3E800B53248 /* Graph.app */ = {isa = PBXFileReference; explicitFileType = wrapper.application; includeInIndex = 0; path = Graph.app; sourceTree = BUILT_PRODUCTS_DIR; };
		A136CF8F22FFF3E800B53248 /* AppDelegate.swift */ = {isa = PBXFileReference; lastKnownFileType = sourcecode.swift; path = AppDelegate.swift; sourceTree = "<group>"; };
		A136CF9122FFF3E800B53248 /* ViewController.swift */ = {isa = PBXFileReference; lastKnownFileType = sourcecode.swift; path = ViewController.swift; sourceTree = "<group>"; };
		A136CF9422FFF3E800B53248 /* Base */ = {isa = PBXFileReference; lastKnownFileType = file.storyboard; name = Base; path = Base.lproj/Main.storyboard; sourceTree = "<group>"; };
		A136CF9622FFF3E900B53248 /* Assets.xcassets */ = {isa = PBXFileReference; lastKnownFileType = folder.assetcatalog; path = Assets.xcassets; sourceTree = "<group>"; };
		A136CF9922FFF3E900B53248 /* Base */ = {isa = PBXFileReference; lastKnownFileType = file.storyboard; name = Base; path = Base.lproj/LaunchScreen.storyboard; sourceTree = "<group>"; };
		A136CF9B22FFF3E900B53248 /* Info.plist */ = {isa = PBXFileReference; lastKnownFileType = text.plist.xml; path = Info.plist; sourceTree = "<group>"; };
		A136CFA022FFF3E900B53248 /* GraphTests.xctest */ = {isa = PBXFileReference; explicitFileType = wrapper.cfbundle; includeInIndex = 0; path = GraphTests.xctest; sourceTree = BUILT_PRODUCTS_DIR; };
		A136CFA422FFF3E900B53248 /* GraphTests.swift */ = {isa = PBXFileReference; lastKnownFileType = sourcecode.swift; path = GraphTests.swift; sourceTree = "<group>"; };
		A136CFA622FFF3E900B53248 /* Info.plist */ = {isa = PBXFileReference; lastKnownFileType = text.plist.xml; path = Info.plist; sourceTree = "<group>"; };
		A136CFAB22FFF3E900B53248 /* GraphUITests.xctest */ = {isa = PBXFileReference; explicitFileType = wrapper.cfbundle; includeInIndex = 0; path = GraphUITests.xctest; sourceTree = BUILT_PRODUCTS_DIR; };
		A136CFAF22FFF3E900B53248 /* GraphUITests.swift */ = {isa = PBXFileReference; lastKnownFileType = sourcecode.swift; path = GraphUITests.swift; sourceTree = "<group>"; };
		A136CFB122FFF3E900B53248 /* Info.plist */ = {isa = PBXFileReference; lastKnownFileType = text.plist.xml; path = Info.plist; sourceTree = "<group>"; };
		A136CFBD22FFF43600B53248 /* Edge.swift */ = {isa = PBXFileReference; lastKnownFileType = sourcecode.swift; path = Edge.swift; sourceTree = "<group>"; };
		A136CFBF22FFF45D00B53248 /* Vertex.swift */ = {isa = PBXFileReference; lastKnownFileType = sourcecode.swift; path = Vertex.swift; sourceTree = "<group>"; };
		A136CFC122FFF66800B53248 /* Graph.swift */ = {isa = PBXFileReference; lastKnownFileType = sourcecode.swift; path = Graph.swift; sourceTree = "<group>"; };
		A136CFC322FFF79200B53248 /* Queue.swift */ = {isa = PBXFileReference; fileEncoding = 4; lastKnownFileType = sourcecode.swift; path = Queue.swift; sourceTree = "<group>"; };
		A136CFC522FFF7A500B53248 /* Stack.swift */ = {isa = PBXFileReference; fileEncoding = 4; lastKnownFileType = sourcecode.swift; path = Stack.swift; sourceTree = "<group>"; };
		A136CFC722FFF7D900B53248 /* AdjacencyList.swift */ = {isa = PBXFileReference; lastKnownFileType = sourcecode.swift; path = AdjacencyList.swift; sourceTree = "<group>"; };
		A136CFC922FFF81400B53248 /* AdjacencyMatrix.swift */ = {isa = PBXFileReference; lastKnownFileType = sourcecode.swift; path = AdjacencyMatrix.swift; sourceTree = "<group>"; };
		A136CFCB230000D400B53248 /* Dijkstra.swift */ = {isa = PBXFileReference; lastKnownFileType = sourcecode.swift; path = Dijkstra.swift; sourceTree = "<group>"; };
		A136CFCD2300011A00B53248 /* PriorityQueue.swift */ = {isa = PBXFileReference; fileEncoding = 4; lastKnownFileType = sourcecode.swift; path = PriorityQueue.swift; sourceTree = "<group>"; };
		A136CFCF2300012300B53248 /* Heap.swift */ = {isa = PBXFileReference; fileEncoding = 4; lastKnownFileType = sourcecode.swift; path = Heap.swift; sourceTree = "<group>"; };
/* End PBXFileReference section */

/* Begin PBXFrameworksBuildPhase section */
		A136CF8922FFF3E800B53248 /* Frameworks */ = {
			isa = PBXFrameworksBuildPhase;
			buildActionMask = 2147483647;
			files = (
			);
			runOnlyForDeploymentPostprocessing = 0;
		};
		A136CF9D22FFF3E900B53248 /* Frameworks */ = {
			isa = PBXFrameworksBuildPhase;
			buildActionMask = 2147483647;
			files = (
			);
			runOnlyForDeploymentPostprocessing = 0;
		};
		A136CFA822FFF3E900B53248 /* Frameworks */ = {
			isa = PBXFrameworksBuildPhase;
			buildActionMask = 2147483647;
			files = (
			);
			runOnlyForDeploymentPostprocessing = 0;
		};
/* End PBXFrameworksBuildPhase section */

/* Begin PBXGroup section */
		A136CF8322FFF3E700B53248 = {
			isa = PBXGroup;
			children = (
				A136CF8E22FFF3E800B53248 /* Graph */,
				A136CFA322FFF3E900B53248 /* GraphTests */,
				A136CFAE22FFF3E900B53248 /* GraphUITests */,
				A136CF8D22FFF3E800B53248 /* Products */,
			);
			sourceTree = "<group>";
		};
		A136CF8D22FFF3E800B53248 /* Products */ = {
			isa = PBXGroup;
			children = (
				A136CF8C22FFF3E800B53248 /* Graph.app */,
				A136CFA022FFF3E900B53248 /* GraphTests.xctest */,
				A136CFAB22FFF3E900B53248 /* GraphUITests.xctest */,
			);
			name = Products;
			sourceTree = "<group>";
		};
		A136CF8E22FFF3E800B53248 /* Graph */ = {
			isa = PBXGroup;
			children = (
				A136CF8F22FFF3E800B53248 /* AppDelegate.swift */,
				A136CF9122FFF3E800B53248 /* ViewController.swift */,
				A136CF9322FFF3E800B53248 /* Main.storyboard */,
				A136CF9622FFF3E900B53248 /* Assets.xcassets */,
				A136CF9822FFF3E900B53248 /* LaunchScreen.storyboard */,
				A136CF9B22FFF3E900B53248 /* Info.plist */,
				A136CFBD22FFF43600B53248 /* Edge.swift */,
				A136CFBF22FFF45D00B53248 /* Vertex.swift */,
				A136CFC322FFF79200B53248 /* Queue.swift */,
				A136CFC522FFF7A500B53248 /* Stack.swift */,
				A136CFC122FFF66800B53248 /* Graph.swift */,
				A136CFC722FFF7D900B53248 /* AdjacencyList.swift */,
				A136CFC922FFF81400B53248 /* AdjacencyMatrix.swift */,
				A136CFCF2300012300B53248 /* Heap.swift */,
				A136CFCD2300011A00B53248 /* PriorityQueue.swift */,
				A136CFCB230000D400B53248 /* Dijkstra.swift */,
			);
			path = Graph;
			sourceTree = "<group>";
		};
		A136CFA322FFF3E900B53248 /* GraphTests */ = {
			isa = PBXGroup;
			children = (
				A136CFA422FFF3E900B53248 /* GraphTests.swift */,
				A136CFA622FFF3E900B53248 /* Info.plist */,
			);
			path = GraphTests;
			sourceTree = "<group>";
		};
		A136CFAE22FFF3E900B53248 /* GraphUITests */ = {
			isa = PBXGroup;
			children = (
				A136CFAF22FFF3E900B53248 /* GraphUITests.swift */,
				A136CFB122FFF3E900B53248 /* Info.plist */,
			);
			path = GraphUITests;
			sourceTree = "<group>";
		};
/* End PBXGroup section */

/* Begin PBXNativeTarget section */
		A136CF8B22FFF3E800B53248 /* Graph */ = {
			isa = PBXNativeTarget;
			buildConfigurationList = A136CFB422FFF3E900B53248 /* Build configuration list for PBXNativeTarget "Graph" */;
			buildPhases = (
				A136CF8822FFF3E800B53248 /* Sources */,
				A136CF8922FFF3E800B53248 /* Frameworks */,
				A136CF8A22FFF3E800B53248 /* Resources */,
			);
			buildRules = (
			);
			dependencies = (
			);
			name = Graph;
			productName = Graph;
			productReference = A136CF8C22FFF3E800B53248 /* Graph.app */;
			productType = "com.apple.product-type.application";
		};
		A136CF9F22FFF3E900B53248 /* GraphTests */ = {
			isa = PBXNativeTarget;
			buildConfigurationList = A136CFB722FFF3E900B53248 /* Build configuration list for PBXNativeTarget "GraphTests" */;
			buildPhases = (
				A136CF9C22FFF3E900B53248 /* Sources */,
				A136CF9D22FFF3E900B53248 /* Frameworks */,
				A136CF9E22FFF3E900B53248 /* Resources */,
			);
			buildRules = (
			);
			dependencies = (
				A136CFA222FFF3E900B53248 /* PBXTargetDependency */,
			);
			name = GraphTests;
			productName = GraphTests;
			productReference = A136CFA022FFF3E900B53248 /* GraphTests.xctest */;
			productType = "com.apple.product-type.bundle.unit-test";
		};
		A136CFAA22FFF3E900B53248 /* GraphUITests */ = {
			isa = PBXNativeTarget;
			buildConfigurationList = A136CFBA22FFF3E900B53248 /* Build configuration list for PBXNativeTarget "GraphUITests" */;
			buildPhases = (
				A136CFA722FFF3E900B53248 /* Sources */,
				A136CFA822FFF3E900B53248 /* Frameworks */,
				A136CFA922FFF3E900B53248 /* Resources */,
			);
			buildRules = (
			);
			dependencies = (
				A136CFAD22FFF3E900B53248 /* PBXTargetDependency */,
			);
			name = GraphUITests;
			productName = GraphUITests;
			productReference = A136CFAB22FFF3E900B53248 /* GraphUITests.xctest */;
			productType = "com.apple.product-type.bundle.ui-testing";
		};
/* End PBXNativeTarget section */

/* Begin PBXProject section */
		A136CF8422FFF3E800B53248 /* Project object */ = {
			isa = PBXProject;
			attributes = {
				LastSwiftUpdateCheck = 1020;
				LastUpgradeCheck = 1020;
				ORGANIZATIONNAME = Myron;
				TargetAttributes = {
					A136CF8B22FFF3E800B53248 = {
						CreatedOnToolsVersion = 10.2.1;
					};
					A136CF9F22FFF3E900B53248 = {
						CreatedOnToolsVersion = 10.2.1;
						TestTargetID = A136CF8B22FFF3E800B53248;
					};
					A136CFAA22FFF3E900B53248 = {
						CreatedOnToolsVersion = 10.2.1;
						TestTargetID = A136CF8B22FFF3E800B53248;
					};
				};
			};
			buildConfigurationList = A136CF8722FFF3E800B53248 /* Build configuration list for PBXProject "Graph" */;
			compatibilityVersion = "Xcode 9.3";
			developmentRegion = en;
			hasScannedForEncodings = 0;
			knownRegions = (
				en,
				Base,
			);
			mainGroup = A136CF8322FFF3E700B53248;
			productRefGroup = A136CF8D22FFF3E800B53248 /* Products */;
			projectDirPath = "";
			projectRoot = "";
			targets = (
				A136CF8B22FFF3E800B53248 /* Graph */,
				A136CF9F22FFF3E900B53248 /* GraphTests */,
				A136CFAA22FFF3E900B53248 /* GraphUITests */,
			);
		};
/* End PBXProject section */

/* Begin PBXResourcesBuildPhase section */
		A136CF8A22FFF3E800B53248 /* Resources */ = {
			isa = PBXResourcesBuildPhase;
			buildActionMask = 2147483647;
			files = (
				A136CF9A22FFF3E900B53248 /* LaunchScreen.storyboard in Resources */,
				A136CF9722FFF3E900B53248 /* Assets.xcassets in Resources */,
				A136CF9522FFF3E800B53248 /* Main.storyboard in Resources */,
			);
			runOnlyForDeploymentPostprocessing = 0;
		};
		A136CF9E22FFF3E900B53248 /* Resources */ = {
			isa = PBXResourcesBuildPhase;
			buildActionMask = 2147483647;
			files = (
			);
			runOnlyForDeploymentPostprocessing = 0;
		};
		A136CFA922FFF3E900B53248 /* Resources */ = {
			isa = PBXResourcesBuildPhase;
			buildActionMask = 2147483647;
			files = (
			);
			runOnlyForDeploymentPostprocessing = 0;
		};
/* End PBXResourcesBuildPhase section */

/* Begin PBXSourcesBuildPhase section */
		A136CF8822FFF3E800B53248 /* Sources */ = {
			isa = PBXSourcesBuildPhase;
			buildActionMask = 2147483647;
			files = (
				A136CF9222FFF3E800B53248 /* ViewController.swift in Sources */,
				A136CFC422FFF79200B53248 /* Queue.swift in Sources */,
				A136CFC622FFF7A500B53248 /* Stack.swift in Sources */,
				A136CFD02300012300B53248 /* Heap.swift in Sources */,
				A136CFC022FFF45D00B53248 /* Vertex.swift in Sources */,
				A136CFC822FFF7D900B53248 /* AdjacencyList.swift in Sources */,
				A136CFCA22FFF81400B53248 /* AdjacencyMatrix.swift in Sources */,
				A136CFCE2300011A00B53248 /* PriorityQueue.swift in Sources */,
				A136CF9022FFF3E800B53248 /* AppDelegate.swift in Sources */,
				A136CFBE22FFF43600B53248 /* Edge.swift in Sources */,
				A136CFC222FFF66800B53248 /* Graph.swift in Sources */,
				A136CFCC230000D400B53248 /* Dijkstra.swift in Sources */,
			);
			runOnlyForDeploymentPostprocessing = 0;
		};
		A136CF9C22FFF3E900B53248 /* Sources */ = {
			isa = PBXSourcesBuildPhase;
			buildActionMask = 2147483647;
			files = (
				A136CFA522FFF3E900B53248 /* GraphTests.swift in Sources */,
			);
			runOnlyForDeploymentPostprocessing = 0;
		};
		A136CFA722FFF3E900B53248 /* Sources */ = {
			isa = PBXSourcesBuildPhase;
			buildActionMask = 2147483647;
			files = (
				A136CFB022FFF3E900B53248 /* GraphUITests.swift in Sources */,
			);
			runOnlyForDeploymentPostprocessing = 0;
		};
/* End PBXSourcesBuildPhase section */

/* Begin PBXTargetDependency section */
		A136CFA222FFF3E900B53248 /* PBXTargetDependency */ = {
			isa = PBXTargetDependency;
			target = A136CF8B22FFF3E800B53248 /* Graph */;
			targetProxy = A136CFA122FFF3E900B53248 /* PBXContainerItemProxy */;
		};
		A136CFAD22FFF3E900B53248 /* PBXTargetDependency */ = {
			isa = PBXTargetDependency;
			target = A136CF8B22FFF3E800B53248 /* Graph */;
			targetProxy = A136CFAC22FFF3E900B53248 /* PBXContainerItemProxy */;
		};
/* End PBXTargetDependency section */

/* Begin PBXVariantGroup section */
		A136CF9322FFF3E800B53248 /* Main.storyboard */ = {
			isa = PBXVariantGroup;
			children = (
				A136CF9422FFF3E800B53248 /* Base */,
			);
			name = Main.storyboard;
			sourceTree = "<group>";
		};
		A136CF9822FFF3E900B53248 /* LaunchScreen.storyboard */ = {
			isa = PBXVariantGroup;
			children = (
				A136CF9922FFF3E900B53248 /* Base */,
			);
			name = LaunchScreen.storyboard;
			sourceTree = "<group>";
		};
/* End PBXVariantGroup section */

/* Begin XCBuildConfiguration section */
		A136CFB222FFF3E900B53248 /* Debug */ = {
			isa = XCBuildConfiguration;
			buildSettings = {
				ALWAYS_SEARCH_USER_PATHS = NO;
				CLANG_ANALYZER_NONNULL = YES;
				CLANG_ANALYZER_NUMBER_OBJECT_CONVERSION = YES_AGGRESSIVE;
				CLANG_CXX_LANGUAGE_STANDARD = "gnu++14";
				CLANG_CXX_LIBRARY = "libc++";
				CLANG_ENABLE_MODULES = YES;
				CLANG_ENABLE_OBJC_ARC = YES;
				CLANG_ENABLE_OBJC_WEAK = YES;
				CLANG_WARN_BLOCK_CAPTURE_AUTORELEASING = YES;
				CLANG_WARN_BOOL_CONVERSION = YES;
				CLANG_WARN_COMMA = YES;
				CLANG_WARN_CONSTANT_CONVERSION = YES;
				CLANG_WARN_DEPRECATED_OBJC_IMPLEMENTATIONS = YES;
				CLANG_WARN_DIRECT_OBJC_ISA_USAGE = YES_ERROR;
				CLANG_WARN_DOCUMENTATION_COMMENTS = YES;
				CLANG_WARN_EMPTY_BODY = YES;
				CLANG_WARN_ENUM_CONVERSION = YES;
				CLANG_WARN_INFINITE_RECURSION = YES;
				CLANG_WARN_INT_CONVERSION = YES;
				CLANG_WARN_NON_LITERAL_NULL_CONVERSION = YES;
				CLANG_WARN_OBJC_IMPLICIT_RETAIN_SELF = YES;
				CLANG_WARN_OBJC_LITERAL_CONVERSION = YES;
				CLANG_WARN_OBJC_ROOT_CLASS = YES_ERROR;
				CLANG_WARN_RANGE_LOOP_ANALYSIS = YES;
				CLANG_WARN_STRICT_PROTOTYPES = YES;
				CLANG_WARN_SUSPICIOUS_MOVE = YES;
				CLANG_WARN_UNGUARDED_AVAILABILITY = YES_AGGRESSIVE;
				CLANG_WARN_UNREACHABLE_CODE = YES;
				CLANG_WARN__DUPLICATE_METHOD_MATCH = YES;
				CODE_SIGN_IDENTITY = "iPhone Developer";
				COPY_PHASE_STRIP = NO;
				DEBUG_INFORMATION_FORMAT = dwarf;
				ENABLE_STRICT_OBJC_MSGSEND = YES;
				ENABLE_TESTABILITY = YES;
				GCC_C_LANGUAGE_STANDARD = gnu11;
				GCC_DYNAMIC_NO_PIC = NO;
				GCC_NO_COMMON_BLOCKS = YES;
				GCC_OPTIMIZATION_LEVEL = 0;
				GCC_PREPROCESSOR_DEFINITIONS = (
					"DEBUG=1",
					"$(inherited)",
				);
				GCC_WARN_64_TO_32_BIT_CONVERSION = YES;
				GCC_WARN_ABOUT_RETURN_TYPE = YES_ERROR;
				GCC_WARN_UNDECLARED_SELECTOR = YES;
				GCC_WARN_UNINITIALIZED_AUTOS = YES_AGGRESSIVE;
				GCC_WARN_UNUSED_FUNCTION = YES;
				GCC_WARN_UNUSED_VARIABLE = YES;
				IPHONEOS_DEPLOYMENT_TARGET = 12.2;
				MTL_ENABLE_DEBUG_INFO = INCLUDE_SOURCE;
				MTL_FAST_MATH = YES;
				ONLY_ACTIVE_ARCH = YES;
				SDKROOT = iphoneos;
				SWIFT_ACTIVE_COMPILATION_CONDITIONS = DEBUG;
				SWIFT_OPTIMIZATION_LEVEL = "-Onone";
			};
			name = Debug;
		};
		A136CFB322FFF3E900B53248 /* Release */ = {
			isa = XCBuildConfiguration;
			buildSettings = {
				ALWAYS_SEARCH_USER_PATHS = NO;
				CLANG_ANALYZER_NONNULL = YES;
				CLANG_ANALYZER_NUMBER_OBJECT_CONVERSION = YES_AGGRESSIVE;
				CLANG_CXX_LANGUAGE_STANDARD = "gnu++14";
				CLANG_CXX_LIBRARY = "libc++";
				CLANG_ENABLE_MODULES = YES;
				CLANG_ENABLE_OBJC_ARC = YES;
				CLANG_ENABLE_OBJC_WEAK = YES;
				CLANG_WARN_BLOCK_CAPTURE_AUTORELEASING = YES;
				CLANG_WARN_BOOL_CONVERSION = YES;
				CLANG_WARN_COMMA = YES;
				CLANG_WARN_CONSTANT_CONVERSION = YES;
				CLANG_WARN_DEPRECATED_OBJC_IMPLEMENTATIONS = YES;
				CLANG_WARN_DIRECT_OBJC_ISA_USAGE = YES_ERROR;
				CLANG_WARN_DOCUMENTATION_COMMENTS = YES;
				CLANG_WARN_EMPTY_BODY = YES;
				CLANG_WARN_ENUM_CONVERSION = YES;
				CLANG_WARN_INFINITE_RECURSION = YES;
				CLANG_WARN_INT_CONVERSION = YES;
				CLANG_WARN_NON_LITERAL_NULL_CONVERSION = YES;
				CLANG_WARN_OBJC_IMPLICIT_RETAIN_SELF = YES;
				CLANG_WARN_OBJC_LITERAL_CONVERSION = YES;
				CLANG_WARN_OBJC_ROOT_CLASS = YES_ERROR;
				CLANG_WARN_RANGE_LOOP_ANALYSIS = YES;
				CLANG_WARN_STRICT_PROTOTYPES = YES;
				CLANG_WARN_SUSPICIOUS_MOVE = YES;
				CLANG_WARN_UNGUARDED_AVAILABILITY = YES_AGGRESSIVE;
				CLANG_WARN_UNREACHABLE_CODE = YES;
				CLANG_WARN__DUPLICATE_METHOD_MATCH = YES;
				CODE_SIGN_IDENTITY = "iPhone Developer";
				COPY_PHASE_STRIP = NO;
				DEBUG_INFORMATION_FORMAT = "dwarf-with-dsym";
				ENABLE_NS_ASSERTIONS = NO;
				ENABLE_STRICT_OBJC_MSGSEND = YES;
				GCC_C_LANGUAGE_STANDARD = gnu11;
				GCC_NO_COMMON_BLOCKS = YES;
				GCC_WARN_64_TO_32_BIT_CONVERSION = YES;
				GCC_WARN_ABOUT_RETURN_TYPE = YES_ERROR;
				GCC_WARN_UNDECLARED_SELECTOR = YES;
				GCC_WARN_UNINITIALIZED_AUTOS = YES_AGGRESSIVE;
				GCC_WARN_UNUSED_FUNCTION = YES;
				GCC_WARN_UNUSED_VARIABLE = YES;
				IPHONEOS_DEPLOYMENT_TARGET = 12.2;
				MTL_ENABLE_DEBUG_INFO = NO;
				MTL_FAST_MATH = YES;
				SDKROOT = iphoneos;
				SWIFT_COMPILATION_MODE = wholemodule;
				SWIFT_OPTIMIZATION_LEVEL = "-O";
				VALIDATE_PRODUCT = YES;
			};
			name = Release;
		};
		A136CFB522FFF3E900B53248 /* Debug */ = {
			isa = XCBuildConfiguration;
			buildSettings = {
				ASSETCATALOG_COMPILER_APPICON_NAME = AppIcon;
				CODE_SIGN_STYLE = Automatic;
				DEVELOPMENT_TEAM = KGB4YH8FC6;
				INFOPLIST_FILE = Graph/Info.plist;
				LD_RUNPATH_SEARCH_PATHS = (
					"$(inherited)",
					"@executable_path/Frameworks",
				);
				PRODUCT_BUNDLE_IDENTIFIER = com.myron.Stack;
				PRODUCT_NAME = "$(TARGET_NAME)";
				SWIFT_VERSION = 5.0;
				TARGETED_DEVICE_FAMILY = "1,2";
			};
			name = Debug;
		};
		A136CFB622FFF3E900B53248 /* Release */ = {
			isa = XCBuildConfiguration;
			buildSettings = {
				ASSETCATALOG_COMPILER_APPICON_NAME = AppIcon;
				CODE_SIGN_STYLE = Automatic;
				DEVELOPMENT_TEAM = KGB4YH8FC6;
				INFOPLIST_FILE = Graph/Info.plist;
				LD_RUNPATH_SEARCH_PATHS = (
					"$(inherited)",
					"@executable_path/Frameworks",
				);
				PRODUCT_BUNDLE_IDENTIFIER = com.myron.Stack;
				PRODUCT_NAME = "$(TARGET_NAME)";
				SWIFT_VERSION = 5.0;
				TARGETED_DEVICE_FAMILY = "1,2";
			};
			name = Release;
		};
		A136CFB822FFF3E900B53248 /* Debug */ = {
			isa = XCBuildConfiguration;
			buildSettings = {
				ALWAYS_EMBED_SWIFT_STANDARD_LIBRARIES = YES;
				BUNDLE_LOADER = "$(TEST_HOST)";
				CODE_SIGN_STYLE = Automatic;
				DEVELOPMENT_TEAM = KGB4YH8FC6;
				INFOPLIST_FILE = GraphTests/Info.plist;
				LD_RUNPATH_SEARCH_PATHS = (
					"$(inherited)",
					"@executable_path/Frameworks",
					"@loader_path/Frameworks",
				);
				PRODUCT_BUNDLE_IDENTIFIER = com.myron.GraphTests;
				PRODUCT_NAME = "$(TARGET_NAME)";
				SWIFT_VERSION = 5.0;
				TARGETED_DEVICE_FAMILY = "1,2";
				TEST_HOST = "$(BUILT_PRODUCTS_DIR)/Graph.app/Graph";
			};
			name = Debug;
		};
		A136CFB922FFF3E900B53248 /* Release */ = {
			isa = XCBuildConfiguration;
			buildSettings = {
				ALWAYS_EMBED_SWIFT_STANDARD_LIBRARIES = YES;
				BUNDLE_LOADER = "$(TEST_HOST)";
				CODE_SIGN_STYLE = Automatic;
				DEVELOPMENT_TEAM = KGB4YH8FC6;
				INFOPLIST_FILE = GraphTests/Info.plist;
				LD_RUNPATH_SEARCH_PATHS = (
					"$(inherited)",
					"@executable_path/Frameworks",
					"@loader_path/Frameworks",
				);
				PRODUCT_BUNDLE_IDENTIFIER = com.myron.GraphTests;
				PRODUCT_NAME = "$(TARGET_NAME)";
				SWIFT_VERSION = 5.0;
				TARGETED_DEVICE_FAMILY = "1,2";
				TEST_HOST = "$(BUILT_PRODUCTS_DIR)/Graph.app/Graph";
			};
			name = Release;
		};
		A136CFBB22FFF3E900B53248 /* Debug */ = {
			isa = XCBuildConfiguration;
			buildSettings = {
				ALWAYS_EMBED_SWIFT_STANDARD_LIBRARIES = YES;
				CODE_SIGN_STYLE = Automatic;
				DEVELOPMENT_TEAM = KGB4YH8FC6;
				INFOPLIST_FILE = GraphUITests/Info.plist;
				LD_RUNPATH_SEARCH_PATHS = (
					"$(inherited)",
					"@executable_path/Frameworks",
					"@loader_path/Frameworks",
				);
				PRODUCT_BUNDLE_IDENTIFIER = com.myron.GraphUITests;
				PRODUCT_NAME = "$(TARGET_NAME)";
				SWIFT_VERSION = 5.0;
				TARGETED_DEVICE_FAMILY = "1,2";
				TEST_TARGET_NAME = Graph;
			};
			name = Debug;
		};
		A136CFBC22FFF3E900B53248 /* Release */ = {
			isa = XCBuildConfiguration;
			buildSettings = {
				ALWAYS_EMBED_SWIFT_STANDARD_LIBRARIES = YES;
				CODE_SIGN_STYLE = Automatic;
				DEVELOPMENT_TEAM = KGB4YH8FC6;
				INFOPLIST_FILE = GraphUITests/Info.plist;
				LD_RUNPATH_SEARCH_PATHS = (
					"$(inherited)",
					"@executable_path/Frameworks",
					"@loader_path/Frameworks",
				);
				PRODUCT_BUNDLE_IDENTIFIER = com.myron.GraphUITests;
				PRODUCT_NAME = "$(TARGET_NAME)";
				SWIFT_VERSION = 5.0;
				TARGETED_DEVICE_FAMILY = "1,2";
				TEST_TARGET_NAME = Graph;
			};
			name = Release;
		};
/* End XCBuildConfiguration section */

/* Begin XCConfigurationList section */
		A136CF8722FFF3E800B53248 /* Build configuration list for PBXProject "Graph" */ = {
			isa = XCConfigurationList;
			buildConfigurations = (
				A136CFB222FFF3E900B53248 /* Debug */,
				A136CFB322FFF3E900B53248 /* Release */,
			);
			defaultConfigurationIsVisible = 0;
			defaultConfigurationName = Release;
		};
		A136CFB422FFF3E900B53248 /* Build configuration list for PBXNativeTarget "Graph" */ = {
			isa = XCConfigurationList;
			buildConfigurations = (
				A136CFB522FFF3E900B53248 /* Debug */,
				A136CFB622FFF3E900B53248 /* Release */,
			);
			defaultConfigurationIsVisible = 0;
			defaultConfigurationName = Release;
		};
		A136CFB722FFF3E900B53248 /* Build configuration list for PBXNativeTarget "GraphTests" */ = {
			isa = XCConfigurationList;
			buildConfigurations = (
				A136CFB822FFF3E900B53248 /* Debug */,
				A136CFB922FFF3E900B53248 /* Release */,
			);
			defaultConfigurationIsVisible = 0;
			defaultConfigurationName = Release;
		};
		A136CFBA22FFF3E900B53248 /* Build configuration list for PBXNativeTarget "GraphUITests" */ = {
			isa = XCConfigurationList;
			buildConfigurations = (
				A136CFBB22FFF3E900B53248 /* Debug */,
				A136CFBC22FFF3E900B53248 /* Release */,
			);
			defaultConfigurationIsVisible = 0;
			defaultConfigurationName = Release;
		};
/* End XCConfigurationList section */
	};
	rootObject = A136CF8422FFF3E800B53248 /* Project object */;
}
